// !$*UTF8*$!
{
	archiveVersion = 1;
	classes = {
	};
	objectVersion = 45;
	objects = {

/* Begin PBXBuildFile section */
		1D3623260D0F684500981E51 /* TallyZooAppDelegate.m in Sources */ = {isa = PBXBuildFile; fileRef = 1D3623250D0F684500981E51 /* TallyZooAppDelegate.m */; };
		1D60589B0D05DD56006BFB54 /* main.m in Sources */ = {isa = PBXBuildFile; fileRef = 29B97316FDCFA39411CA2CEA /* main.m */; };
		1D60589F0D05DD5A006BFB54 /* Foundation.framework in Frameworks */ = {isa = PBXBuildFile; fileRef = 1D30AB110D05D00D00671497 /* Foundation.framework */; };
		1DF5F4E00D08C38300B7A737 /* UIKit.framework in Frameworks */ = {isa = PBXBuildFile; fileRef = 1DF5F4DF0D08C38300B7A737 /* UIKit.framework */; };
		288765FD0DF74451002DB57D /* CoreGraphics.framework in Frameworks */ = {isa = PBXBuildFile; fileRef = 288765FC0DF74451002DB57D /* CoreGraphics.framework */; };
		28AD733F0D9D9553002E5188 /* MainWindow.xib in Resources */ = {isa = PBXBuildFile; fileRef = 28AD733E0D9D9553002E5188 /* MainWindow.xib */; };
		615CC7F4101D924D00BD6BB2 /* MatrixViewController.m in Sources */ = {isa = PBXBuildFile; fileRef = 615CC7F3101D924D00BD6BB2 /* MatrixViewController.m */; };
		615CC7F7101D927300BD6BB2 /* MatrixButton.m in Sources */ = {isa = PBXBuildFile; fileRef = 615CC7F6101D927300BD6BB2 /* MatrixButton.m */; };
		615CC81E101D9F0900BD6BB2 /* GraphViewController.m in Sources */ = {isa = PBXBuildFile; fileRef = 615CC81D101D9F0900BD6BB2 /* GraphViewController.m */; };
		615CC823101D9F9100BD6BB2 /* DetailedCountViewController.m in Sources */ = {isa = PBXBuildFile; fileRef = 615CC822101D9F9100BD6BB2 /* DetailedCountViewController.m */; };
		615CC83C101EE74100BD6BB2 /* MatrixView.m in Sources */ = {isa = PBXBuildFile; fileRef = 615CC83B101EE74100BD6BB2 /* MatrixView.m */; };
		615CC854101FD17800BD6BB2 /* UIColor-Expanded.m in Sources */ = {isa = PBXBuildFile; fileRef = 615CC853101FD17800BD6BB2 /* UIColor-Expanded.m */; };
		615CC8E5101FF24C00BD6BB2 /* FMDatabase.m in Sources */ = {isa = PBXBuildFile; fileRef = 615CC8E0101FF24C00BD6BB2 /* FMDatabase.m */; };
		615CC8E6101FF24C00BD6BB2 /* FMDatabaseAdditions.m in Sources */ = {isa = PBXBuildFile; fileRef = 615CC8E2101FF24C00BD6BB2 /* FMDatabaseAdditions.m */; };
		615CC8E7101FF24C00BD6BB2 /* FMResultSet.m in Sources */ = {isa = PBXBuildFile; fileRef = 615CC8E4101FF24C00BD6BB2 /* FMResultSet.m */; };
		615CC8E9101FF27F00BD6BB2 /* libsqlite3.0.dylib in Frameworks */ = {isa = PBXBuildFile; fileRef = 615CC8E8101FF27F00BD6BB2 /* libsqlite3.0.dylib */; };
		615CC9001020412600BD6BB2 /* TZActivity.m in Sources */ = {isa = PBXBuildFile; fileRef = 615CC8FF1020412600BD6BB2 /* TZActivity.m */; };
		615CC9031020413600BD6BB2 /* TZCount.m in Sources */ = {isa = PBXBuildFile; fileRef = 615CC9021020413600BD6BB2 /* TZCount.m */; };
		615CC90D102218ED00BD6BB2 /* tallyzoo.db in Resources */ = {isa = PBXBuildFile; fileRef = 615CC90C102218ED00BD6BB2 /* tallyzoo.db */; };
		615CCA361022E97600BD6BB2 /* EditActivityViewController.m in Sources */ = {isa = PBXBuildFile; fileRef = 615CCA351022E97600BD6BB2 /* EditActivityViewController.m */; };
		615CCC10102A183400BD6BB2 /* EditTextFieldViewController.m in Sources */ = {isa = PBXBuildFile; fileRef = 615CCC0F102A183400BD6BB2 /* EditTextFieldViewController.m */; };
		615CCC5B102A1EAF00BD6BB2 /* EditTextViewViewController.m in Sources */ = {isa = PBXBuildFile; fileRef = 615CCC5A102A1EAF00BD6BB2 /* EditTextViewViewController.m */; };
		61D0F272103B56D1002B78C5 /* click_down.wav in Resources */ = {isa = PBXBuildFile; fileRef = 61D0F270103B56D1002B78C5 /* click_down.wav */; };
		61D0F273103B56D1002B78C5 /* click_up.wav in Resources */ = {isa = PBXBuildFile; fileRef = 61D0F271103B56D1002B78C5 /* click_up.wav */; };
		61D0F289103B5965002B78C5 /* AudioToolbox.framework in Frameworks */ = {isa = PBXBuildFile; fileRef = 61D0F288103B5965002B78C5 /* AudioToolbox.framework */; };
		61D0F35A103BE1B7002B78C5 /* red_down.png in Resources */ = {isa = PBXBuildFile; fileRef = 61D0F358103BE1B7002B78C5 /* red_down.png */; };
		61D0F35B103BE1B7002B78C5 /* red_up.png in Resources */ = {isa = PBXBuildFile; fileRef = 61D0F359103BE1B7002B78C5 /* red_up.png */; };
		61D0F4B9103DFB7C002B78C5 /* GraphCell.m in Sources */ = {isa = PBXBuildFile; fileRef = 61D0F4B8103DFB7C002B78C5 /* GraphCell.m */; };
		61D0F677103E6512002B78C5 /* UpperLeftView.m in Sources */ = {isa = PBXBuildFile; fileRef = 61D0F676103E6512002B78C5 /* UpperLeftView.m */; };
		61D0F690103E6644002B78C5 /* UpperRightView.m in Sources */ = {isa = PBXBuildFile; fileRef = 61D0F68F103E6644002B78C5 /* UpperRightView.m */; };
		61D0F6A8103E68D7002B78C5 /* LowerLeftView.m in Sources */ = {isa = PBXBuildFile; fileRef = 61D0F6A7103E68D7002B78C5 /* LowerLeftView.m */; };
		61D0F6C4103E6AB3002B78C5 /* LowerRightView.m in Sources */ = {isa = PBXBuildFile; fileRef = 61D0F6C3103E6AB3002B78C5 /* LowerRightView.m */; };
		61D0F756103E8BE2002B78C5 /* SelectLayer.m in Sources */ = {isa = PBXBuildFile; fileRef = 61D0F755103E8BE2002B78C5 /* SelectLayer.m */; };
		61D0F7D1103E9A00002B78C5 /* 10-medical.png in Resources */ = {isa = PBXBuildFile; fileRef = 61D0F7CF103E9A00002B78C5 /* 10-medical.png */; };
		61D0F7D2103E9A00002B78C5 /* 16-line-chart.png in Resources */ = {isa = PBXBuildFile; fileRef = 61D0F7D0103E9A00002B78C5 /* 16-line-chart.png */; };
		61D0F7F0103FC90A002B78C5 /* GraphView.m in Sources */ = {isa = PBXBuildFile; fileRef = 61D0F7EF103FC90A002B78C5 /* GraphView.m */; };
		61D0FAFC104387B6002B78C5 /* CoreLocation.framework in Frameworks */ = {isa = PBXBuildFile; fileRef = 61D0FAFB104387B6002B78C5 /* CoreLocation.framework */; };
		61D0FBC410446507002B78C5 /* Settings.bundle in Resources */ = {isa = PBXBuildFile; fileRef = 61D0FBC310446507002B78C5 /* Settings.bundle */; };
		61D0FC391045166C002B78C5 /* ShakeView.m in Sources */ = {isa = PBXBuildFile; fileRef = 61D0FC381045166C002B78C5 /* ShakeView.m */; };
		61D0FCA810461DE8002B78C5 /* QuartzCore.framework in Frameworks */ = {isa = PBXBuildFile; fileRef = 61D0FCA710461DE8002B78C5 /* QuartzCore.framework */; };
		61D0FD941048D6A8002B78C5 /* LocationBusyView.m in Sources */ = {isa = PBXBuildFile; fileRef = 61D0FD931048D6A8002B78C5 /* LocationBusyView.m */; };
		61E643E5102C2C9000E78174 /* ChooseCountViewController.m in Sources */ = {isa = PBXBuildFile; fileRef = 61E643E4102C2C9000E78174 /* ChooseCountViewController.m */; };
		61E6444B102D1E1F00E78174 /* ColorPickerViewController.m in Sources */ = {isa = PBXBuildFile; fileRef = 61E6444A102D1E1F00E78174 /* ColorPickerViewController.m */; };
		61E6455410315C3200E78174 /* CustomColorViewController.m in Sources */ = {isa = PBXBuildFile; fileRef = 61E6455310315C3200E78174 /* CustomColorViewController.m */; };
		61E645DB1031DF3800E78174 /* ColorView.m in Sources */ = {isa = PBXBuildFile; fileRef = 61E645DA1031DF3800E78174 /* ColorView.m */; };
		61E646301031E78500E78174 /* ColorCellView.m in Sources */ = {isa = PBXBuildFile; fileRef = 61E6462F1031E78500E78174 /* ColorCellView.m */; };
		61E6490A1032C29600E78174 /* dist.plist in Resources */ = {isa = PBXBuildFile; fileRef = 61E649091032C29600E78174 /* dist.plist */; };
		61E64A3B1035C61400E78174 /* EditCountViewController.m in Sources */ = {isa = PBXBuildFile; fileRef = 61E64A3A1035C61400E78174 /* EditCountViewController.m */; };
		61E64B511036C11800E78174 /* icon2.png in Resources */ = {isa = PBXBuildFile; fileRef = 61E64B501036C11800E78174 /* icon2.png */; };
		61FCDE87104B552000F16BF1 /* TZTabBarController.m in Sources */ = {isa = PBXBuildFile; fileRef = 61FCDE86104B552000F16BF1 /* TZTabBarController.m */; };
		61FCDF9E104BA5CD00F16BF1 /* LandscapeGraphView.m in Sources */ = {isa = PBXBuildFile; fileRef = 61FCDF9D104BA5CD00F16BF1 /* LandscapeGraphView.m */; };
/* End PBXBuildFile section */

/* Begin PBXFileReference section */
		1D30AB110D05D00D00671497 /* Foundation.framework */ = {isa = PBXFileReference; lastKnownFileType = wrapper.framework; name = Foundation.framework; path = System/Library/Frameworks/Foundation.framework; sourceTree = SDKROOT; };
		1D3623240D0F684500981E51 /* TallyZooAppDelegate.h */ = {isa = PBXFileReference; fileEncoding = 4; lastKnownFileType = sourcecode.c.h; path = TallyZooAppDelegate.h; sourceTree = "<group>"; };
		1D3623250D0F684500981E51 /* TallyZooAppDelegate.m */ = {isa = PBXFileReference; fileEncoding = 4; lastKnownFileType = sourcecode.c.objc; path = TallyZooAppDelegate.m; sourceTree = "<group>"; };
		1D6058910D05DD3D006BFB54 /* TallyZoo.app */ = {isa = PBXFileReference; explicitFileType = wrapper.application; includeInIndex = 0; path = TallyZoo.app; sourceTree = BUILT_PRODUCTS_DIR; };
		1DF5F4DF0D08C38300B7A737 /* UIKit.framework */ = {isa = PBXFileReference; lastKnownFileType = wrapper.framework; name = UIKit.framework; path = System/Library/Frameworks/UIKit.framework; sourceTree = SDKROOT; };
		288765FC0DF74451002DB57D /* CoreGraphics.framework */ = {isa = PBXFileReference; lastKnownFileType = wrapper.framework; name = CoreGraphics.framework; path = System/Library/Frameworks/CoreGraphics.framework; sourceTree = SDKROOT; };
		28AD733E0D9D9553002E5188 /* MainWindow.xib */ = {isa = PBXFileReference; lastKnownFileType = file.xib; path = MainWindow.xib; sourceTree = "<group>"; };
		29B97316FDCFA39411CA2CEA /* main.m */ = {isa = PBXFileReference; fileEncoding = 4; lastKnownFileType = sourcecode.c.objc; path = main.m; sourceTree = "<group>"; };
		32CA4F630368D1EE00C91783 /* TallyZoo_Prefix.pch */ = {isa = PBXFileReference; fileEncoding = 4; lastKnownFileType = sourcecode.c.h; path = TallyZoo_Prefix.pch; sourceTree = "<group>"; };
		615CC7F2101D924D00BD6BB2 /* MatrixViewController.h */ = {isa = PBXFileReference; fileEncoding = 4; lastKnownFileType = sourcecode.c.h; path = MatrixViewController.h; sourceTree = "<group>"; };
		615CC7F3101D924D00BD6BB2 /* MatrixViewController.m */ = {isa = PBXFileReference; fileEncoding = 4; lastKnownFileType = sourcecode.c.objc; path = MatrixViewController.m; sourceTree = "<group>"; };
		615CC7F5101D927300BD6BB2 /* MatrixButton.h */ = {isa = PBXFileReference; fileEncoding = 4; lastKnownFileType = sourcecode.c.h; path = MatrixButton.h; sourceTree = "<group>"; };
		615CC7F6101D927300BD6BB2 /* MatrixButton.m */ = {isa = PBXFileReference; fileEncoding = 4; lastKnownFileType = sourcecode.c.objc; path = MatrixButton.m; sourceTree = "<group>"; };
		615CC81C101D9F0900BD6BB2 /* GraphViewController.h */ = {isa = PBXFileReference; fileEncoding = 4; lastKnownFileType = sourcecode.c.h; path = GraphViewController.h; sourceTree = "<group>"; };
		615CC81D101D9F0900BD6BB2 /* GraphViewController.m */ = {isa = PBXFileReference; fileEncoding = 4; lastKnownFileType = sourcecode.c.objc; path = GraphViewController.m; sourceTree = "<group>"; };
		615CC821101D9F9100BD6BB2 /* DetailedCountViewController.h */ = {isa = PBXFileReference; fileEncoding = 4; lastKnownFileType = sourcecode.c.h; path = DetailedCountViewController.h; sourceTree = "<group>"; };
		615CC822101D9F9100BD6BB2 /* DetailedCountViewController.m */ = {isa = PBXFileReference; fileEncoding = 4; lastKnownFileType = sourcecode.c.objc; path = DetailedCountViewController.m; sourceTree = "<group>"; };
		615CC83A101EE74100BD6BB2 /* MatrixView.h */ = {isa = PBXFileReference; fileEncoding = 4; lastKnownFileType = sourcecode.c.h; path = MatrixView.h; sourceTree = "<group>"; };
		615CC83B101EE74100BD6BB2 /* MatrixView.m */ = {isa = PBXFileReference; fileEncoding = 4; lastKnownFileType = sourcecode.c.objc; path = MatrixView.m; sourceTree = "<group>"; };
		615CC852101FD17800BD6BB2 /* UIColor-Expanded.h */ = {isa = PBXFileReference; fileEncoding = 4; lastKnownFileType = sourcecode.c.h; path = "UIColor-Expanded.h"; sourceTree = "<group>"; };
		615CC853101FD17800BD6BB2 /* UIColor-Expanded.m */ = {isa = PBXFileReference; fileEncoding = 4; lastKnownFileType = sourcecode.c.objc; path = "UIColor-Expanded.m"; sourceTree = "<group>"; };
		615CC8DF101FF24C00BD6BB2 /* FMDatabase.h */ = {isa = PBXFileReference; fileEncoding = 4; lastKnownFileType = sourcecode.c.h; path = FMDatabase.h; sourceTree = "<group>"; };
		615CC8E0101FF24C00BD6BB2 /* FMDatabase.m */ = {isa = PBXFileReference; fileEncoding = 4; lastKnownFileType = sourcecode.c.objc; path = FMDatabase.m; sourceTree = "<group>"; };
		615CC8E1101FF24C00BD6BB2 /* FMDatabaseAdditions.h */ = {isa = PBXFileReference; fileEncoding = 4; lastKnownFileType = sourcecode.c.h; path = FMDatabaseAdditions.h; sourceTree = "<group>"; };
		615CC8E2101FF24C00BD6BB2 /* FMDatabaseAdditions.m */ = {isa = PBXFileReference; fileEncoding = 4; lastKnownFileType = sourcecode.c.objc; path = FMDatabaseAdditions.m; sourceTree = "<group>"; };
		615CC8E3101FF24C00BD6BB2 /* FMResultSet.h */ = {isa = PBXFileReference; fileEncoding = 4; lastKnownFileType = sourcecode.c.h; path = FMResultSet.h; sourceTree = "<group>"; };
		615CC8E4101FF24C00BD6BB2 /* FMResultSet.m */ = {isa = PBXFileReference; fileEncoding = 4; lastKnownFileType = sourcecode.c.objc; path = FMResultSet.m; sourceTree = "<group>"; };
		615CC8E8101FF27F00BD6BB2 /* libsqlite3.0.dylib */ = {isa = PBXFileReference; lastKnownFileType = "compiled.mach-o.dylib"; name = libsqlite3.0.dylib; path = usr/lib/libsqlite3.0.dylib; sourceTree = SDKROOT; };
		615CC8FE1020412600BD6BB2 /* TZActivity.h */ = {isa = PBXFileReference; fileEncoding = 4; lastKnownFileType = sourcecode.c.h; path = TZActivity.h; sourceTree = "<group>"; };
		615CC8FF1020412600BD6BB2 /* TZActivity.m */ = {isa = PBXFileReference; fileEncoding = 4; lastKnownFileType = sourcecode.c.objc; path = TZActivity.m; sourceTree = "<group>"; };
		615CC9011020413600BD6BB2 /* TZCount.h */ = {isa = PBXFileReference; fileEncoding = 4; lastKnownFileType = sourcecode.c.h; path = TZCount.h; sourceTree = "<group>"; };
		615CC9021020413600BD6BB2 /* TZCount.m */ = {isa = PBXFileReference; fileEncoding = 4; lastKnownFileType = sourcecode.c.objc; path = TZCount.m; sourceTree = "<group>"; };
		615CC90C102218ED00BD6BB2 /* tallyzoo.db */ = {isa = PBXFileReference; lastKnownFileType = file; path = tallyzoo.db; sourceTree = "<group>"; };
		615CCA341022E97600BD6BB2 /* EditActivityViewController.h */ = {isa = PBXFileReference; fileEncoding = 4; lastKnownFileType = sourcecode.c.h; path = EditActivityViewController.h; sourceTree = "<group>"; };
		615CCA351022E97600BD6BB2 /* EditActivityViewController.m */ = {isa = PBXFileReference; fileEncoding = 4; lastKnownFileType = sourcecode.c.objc; path = EditActivityViewController.m; sourceTree = "<group>"; };
		615CCC0E102A183400BD6BB2 /* EditTextFieldViewController.h */ = {isa = PBXFileReference; fileEncoding = 4; lastKnownFileType = sourcecode.c.h; path = EditTextFieldViewController.h; sourceTree = "<group>"; };
		615CCC0F102A183400BD6BB2 /* EditTextFieldViewController.m */ = {isa = PBXFileReference; fileEncoding = 4; lastKnownFileType = sourcecode.c.objc; path = EditTextFieldViewController.m; sourceTree = "<group>"; };
		615CCC59102A1EAF00BD6BB2 /* EditTextViewViewController.h */ = {isa = PBXFileReference; fileEncoding = 4; lastKnownFileType = sourcecode.c.h; path = EditTextViewViewController.h; sourceTree = "<group>"; };
		615CCC5A102A1EAF00BD6BB2 /* EditTextViewViewController.m */ = {isa = PBXFileReference; fileEncoding = 4; lastKnownFileType = sourcecode.c.objc; path = EditTextViewViewController.m; sourceTree = "<group>"; };
		61D0F270103B56D1002B78C5 /* click_down.wav */ = {isa = PBXFileReference; lastKnownFileType = audio.wav; path = click_down.wav; sourceTree = "<group>"; };
		61D0F271103B56D1002B78C5 /* click_up.wav */ = {isa = PBXFileReference; lastKnownFileType = audio.wav; path = click_up.wav; sourceTree = "<group>"; };
		61D0F288103B5965002B78C5 /* AudioToolbox.framework */ = {isa = PBXFileReference; lastKnownFileType = wrapper.framework; name = AudioToolbox.framework; path = System/Library/Frameworks/AudioToolbox.framework; sourceTree = SDKROOT; };
		61D0F358103BE1B7002B78C5 /* red_down.png */ = {isa = PBXFileReference; lastKnownFileType = image.png; path = red_down.png; sourceTree = "<group>"; };
		61D0F359103BE1B7002B78C5 /* red_up.png */ = {isa = PBXFileReference; lastKnownFileType = image.png; path = red_up.png; sourceTree = "<group>"; };
		61D0F4B7103DFB7C002B78C5 /* GraphCell.h */ = {isa = PBXFileReference; fileEncoding = 4; lastKnownFileType = sourcecode.c.h; path = GraphCell.h; sourceTree = "<group>"; };
		61D0F4B8103DFB7C002B78C5 /* GraphCell.m */ = {isa = PBXFileReference; fileEncoding = 4; lastKnownFileType = sourcecode.c.objc; path = GraphCell.m; sourceTree = "<group>"; };
		61D0F675103E6512002B78C5 /* UpperLeftView.h */ = {isa = PBXFileReference; fileEncoding = 4; lastKnownFileType = sourcecode.c.h; path = UpperLeftView.h; sourceTree = "<group>"; };
		61D0F676103E6512002B78C5 /* UpperLeftView.m */ = {isa = PBXFileReference; fileEncoding = 4; lastKnownFileType = sourcecode.c.objc; path = UpperLeftView.m; sourceTree = "<group>"; };
		61D0F68E103E6644002B78C5 /* UpperRightView.h */ = {isa = PBXFileReference; fileEncoding = 4; lastKnownFileType = sourcecode.c.h; path = UpperRightView.h; sourceTree = "<group>"; };
		61D0F68F103E6644002B78C5 /* UpperRightView.m */ = {isa = PBXFileReference; fileEncoding = 4; lastKnownFileType = sourcecode.c.objc; path = UpperRightView.m; sourceTree = "<group>"; };
		61D0F6A6103E68D7002B78C5 /* LowerLeftView.h */ = {isa = PBXFileReference; fileEncoding = 4; lastKnownFileType = sourcecode.c.h; path = LowerLeftView.h; sourceTree = "<group>"; };
		61D0F6A7103E68D7002B78C5 /* LowerLeftView.m */ = {isa = PBXFileReference; fileEncoding = 4; lastKnownFileType = sourcecode.c.objc; path = LowerLeftView.m; sourceTree = "<group>"; };
		61D0F6C2103E6AB3002B78C5 /* LowerRightView.h */ = {isa = PBXFileReference; fileEncoding = 4; lastKnownFileType = sourcecode.c.h; path = LowerRightView.h; sourceTree = "<group>"; };
		61D0F6C3103E6AB3002B78C5 /* LowerRightView.m */ = {isa = PBXFileReference; fileEncoding = 4; lastKnownFileType = sourcecode.c.objc; path = LowerRightView.m; sourceTree = "<group>"; };
		61D0F754103E8BE2002B78C5 /* SelectLayer.h */ = {isa = PBXFileReference; fileEncoding = 4; lastKnownFileType = sourcecode.c.h; path = SelectLayer.h; sourceTree = "<group>"; };
		61D0F755103E8BE2002B78C5 /* SelectLayer.m */ = {isa = PBXFileReference; fileEncoding = 4; lastKnownFileType = sourcecode.c.objc; path = SelectLayer.m; sourceTree = "<group>"; };
		61D0F7CF103E9A00002B78C5 /* 10-medical.png */ = {isa = PBXFileReference; lastKnownFileType = image.png; path = "10-medical.png"; sourceTree = "<group>"; };
		61D0F7D0103E9A00002B78C5 /* 16-line-chart.png */ = {isa = PBXFileReference; lastKnownFileType = image.png; path = "16-line-chart.png"; sourceTree = "<group>"; };
		61D0F7EE103FC90A002B78C5 /* GraphView.h */ = {isa = PBXFileReference; fileEncoding = 4; lastKnownFileType = sourcecode.c.h; path = GraphView.h; sourceTree = "<group>"; };
		61D0F7EF103FC90A002B78C5 /* GraphView.m */ = {isa = PBXFileReference; fileEncoding = 4; lastKnownFileType = sourcecode.c.objc; path = GraphView.m; sourceTree = "<group>"; };
		61D0FAFB104387B6002B78C5 /* CoreLocation.framework */ = {isa = PBXFileReference; lastKnownFileType = wrapper.framework; name = CoreLocation.framework; path = System/Library/Frameworks/CoreLocation.framework; sourceTree = SDKROOT; };
		61D0FBC310446507002B78C5 /* Settings.bundle */ = {isa = PBXFileReference; lastKnownFileType = "wrapper.plug-in"; path = Settings.bundle; sourceTree = "<group>"; };
		61D0FC371045166C002B78C5 /* ShakeView.h */ = {isa = PBXFileReference; fileEncoding = 4; lastKnownFileType = sourcecode.c.h; path = ShakeView.h; sourceTree = "<group>"; };
		61D0FC381045166C002B78C5 /* ShakeView.m */ = {isa = PBXFileReference; fileEncoding = 4; lastKnownFileType = sourcecode.c.objc; path = ShakeView.m; sourceTree = "<group>"; };
		61D0FCA710461DE8002B78C5 /* QuartzCore.framework */ = {isa = PBXFileReference; lastKnownFileType = wrapper.framework; name = QuartzCore.framework; path = System/Library/Frameworks/QuartzCore.framework; sourceTree = SDKROOT; };
		61D0FD921048D6A8002B78C5 /* LocationBusyView.h */ = {isa = PBXFileReference; fileEncoding = 4; lastKnownFileType = sourcecode.c.h; path = LocationBusyView.h; sourceTree = "<group>"; };
		61D0FD931048D6A8002B78C5 /* LocationBusyView.m */ = {isa = PBXFileReference; fileEncoding = 4; lastKnownFileType = sourcecode.c.objc; path = LocationBusyView.m; sourceTree = "<group>"; };
		61E643E3102C2C9000E78174 /* ChooseCountViewController.h */ = {isa = PBXFileReference; fileEncoding = 4; lastKnownFileType = sourcecode.c.h; path = ChooseCountViewController.h; sourceTree = "<group>"; };
		61E643E4102C2C9000E78174 /* ChooseCountViewController.m */ = {isa = PBXFileReference; fileEncoding = 4; lastKnownFileType = sourcecode.c.objc; path = ChooseCountViewController.m; sourceTree = "<group>"; };
		61E64449102D1E1F00E78174 /* ColorPickerViewController.h */ = {isa = PBXFileReference; fileEncoding = 4; lastKnownFileType = sourcecode.c.h; path = ColorPickerViewController.h; sourceTree = "<group>"; };
		61E6444A102D1E1F00E78174 /* ColorPickerViewController.m */ = {isa = PBXFileReference; fileEncoding = 4; lastKnownFileType = sourcecode.c.objc; path = ColorPickerViewController.m; sourceTree = "<group>"; };
		61E6455210315C3200E78174 /* CustomColorViewController.h */ = {isa = PBXFileReference; fileEncoding = 4; lastKnownFileType = sourcecode.c.h; path = CustomColorViewController.h; sourceTree = "<group>"; };
		61E6455310315C3200E78174 /* CustomColorViewController.m */ = {isa = PBXFileReference; fileEncoding = 4; lastKnownFileType = sourcecode.c.objc; path = CustomColorViewController.m; sourceTree = "<group>"; };
		61E645D91031DF3800E78174 /* ColorView.h */ = {isa = PBXFileReference; fileEncoding = 4; lastKnownFileType = sourcecode.c.h; path = ColorView.h; sourceTree = "<group>"; };
		61E645DA1031DF3800E78174 /* ColorView.m */ = {isa = PBXFileReference; fileEncoding = 4; lastKnownFileType = sourcecode.c.objc; path = ColorView.m; sourceTree = "<group>"; };
		61E6462E1031E78500E78174 /* ColorCellView.h */ = {isa = PBXFileReference; fileEncoding = 4; lastKnownFileType = sourcecode.c.h; path = ColorCellView.h; sourceTree = "<group>"; };
		61E6462F1031E78500E78174 /* ColorCellView.m */ = {isa = PBXFileReference; fileEncoding = 4; lastKnownFileType = sourcecode.c.objc; path = ColorCellView.m; sourceTree = "<group>"; };
		61E649091032C29600E78174 /* dist.plist */ = {isa = PBXFileReference; fileEncoding = 4; lastKnownFileType = text.plist.xml; path = dist.plist; sourceTree = "<group>"; };
		61E64A391035C61400E78174 /* EditCountViewController.h */ = {isa = PBXFileReference; fileEncoding = 4; lastKnownFileType = sourcecode.c.h; path = EditCountViewController.h; sourceTree = "<group>"; };
		61E64A3A1035C61400E78174 /* EditCountViewController.m */ = {isa = PBXFileReference; fileEncoding = 4; lastKnownFileType = sourcecode.c.objc; path = EditCountViewController.m; sourceTree = "<group>"; };
		61E64B501036C11800E78174 /* icon2.png */ = {isa = PBXFileReference; lastKnownFileType = image.png; path = icon2.png; sourceTree = "<group>"; };
		61FCDE85104B552000F16BF1 /* TZTabBarController.h */ = {isa = PBXFileReference; fileEncoding = 4; lastKnownFileType = sourcecode.c.h; path = TZTabBarController.h; sourceTree = "<group>"; };
		61FCDE86104B552000F16BF1 /* TZTabBarController.m */ = {isa = PBXFileReference; fileEncoding = 4; lastKnownFileType = sourcecode.c.objc; path = TZTabBarController.m; sourceTree = "<group>"; };
		61FCDF9C104BA5CD00F16BF1 /* LandscapeGraphView.h */ = {isa = PBXFileReference; fileEncoding = 4; lastKnownFileType = sourcecode.c.h; path = LandscapeGraphView.h; sourceTree = "<group>"; };
		61FCDF9D104BA5CD00F16BF1 /* LandscapeGraphView.m */ = {isa = PBXFileReference; fileEncoding = 4; lastKnownFileType = sourcecode.c.objc; path = LandscapeGraphView.m; sourceTree = "<group>"; };
		8D1107310486CEB800E47090 /* TallyZoo-Info.plist */ = {isa = PBXFileReference; fileEncoding = 4; lastKnownFileType = text.plist.xml; path = "TallyZoo-Info.plist"; plistStructureDefinitionIdentifier = "com.apple.xcode.plist.structure-definition.iphone.info-plist"; sourceTree = "<group>"; };
/* End PBXFileReference section */

/* Begin PBXFrameworksBuildPhase section */
		1D60588F0D05DD3D006BFB54 /* Frameworks */ = {
			isa = PBXFrameworksBuildPhase;
			buildActionMask = 2147483647;
			files = (
				1D60589F0D05DD5A006BFB54 /* Foundation.framework in Frameworks */,
				1DF5F4E00D08C38300B7A737 /* UIKit.framework in Frameworks */,
				288765FD0DF74451002DB57D /* CoreGraphics.framework in Frameworks */,
				615CC8E9101FF27F00BD6BB2 /* libsqlite3.0.dylib in Frameworks */,
				61D0F289103B5965002B78C5 /* AudioToolbox.framework in Frameworks */,
				61D0FAFC104387B6002B78C5 /* CoreLocation.framework in Frameworks */,
				61D0FCA810461DE8002B78C5 /* QuartzCore.framework in Frameworks */,
			);
			runOnlyForDeploymentPostprocessing = 0;
		};
/* End PBXFrameworksBuildPhase section */

/* Begin PBXGroup section */
		080E96DDFE201D6D7F000001 /* Classes */ = {
			isa = PBXGroup;
			children = (
				615CC865101FF15B00BD6BB2 /* Utilities */,
				615CCAEA10283E4700BD6BB2 /* Editors */,
				615CC84C101FCB3C00BD6BB2 /* Models */,
				61D0F6C1103E6A97002B78C5 /* Masks */,
				61E64A391035C61400E78174 /* EditCountViewController.h */,
				61E64A3A1035C61400E78174 /* EditCountViewController.m */,
				615CCA341022E97600BD6BB2 /* EditActivityViewController.h */,
				615CCA351022E97600BD6BB2 /* EditActivityViewController.m */,
				615CC821101D9F9100BD6BB2 /* DetailedCountViewController.h */,
				615CC822101D9F9100BD6BB2 /* DetailedCountViewController.m */,
				61D0F4B7103DFB7C002B78C5 /* GraphCell.h */,
				61D0F4B8103DFB7C002B78C5 /* GraphCell.m */,
				61D0F7EE103FC90A002B78C5 /* GraphView.h */,
				61D0F7EF103FC90A002B78C5 /* GraphView.m */,
				615CC81C101D9F0900BD6BB2 /* GraphViewController.h */,
				615CC81D101D9F0900BD6BB2 /* GraphViewController.m */,
				61FCDF9C104BA5CD00F16BF1 /* LandscapeGraphView.h */,
				61FCDF9D104BA5CD00F16BF1 /* LandscapeGraphView.m */,
				61D0FD921048D6A8002B78C5 /* LocationBusyView.h */,
				61D0FD931048D6A8002B78C5 /* LocationBusyView.m */,
				615CC7F5101D927300BD6BB2 /* MatrixButton.h */,
				615CC7F6101D927300BD6BB2 /* MatrixButton.m */,
				615CC83A101EE74100BD6BB2 /* MatrixView.h */,
				615CC83B101EE74100BD6BB2 /* MatrixView.m */,
				615CC7F2101D924D00BD6BB2 /* MatrixViewController.h */,
				615CC7F3101D924D00BD6BB2 /* MatrixViewController.m */,
				61D0F754103E8BE2002B78C5 /* SelectLayer.h */,
				61D0F755103E8BE2002B78C5 /* SelectLayer.m */,
				61D0FC371045166C002B78C5 /* ShakeView.h */,
				61D0FC381045166C002B78C5 /* ShakeView.m */,
				1D3623240D0F684500981E51 /* TallyZooAppDelegate.h */,
				1D3623250D0F684500981E51 /* TallyZooAppDelegate.m */,
			);
			path = Classes;
			sourceTree = "<group>";
		};
		19C28FACFE9D520D11CA2CBB /* Products */ = {
			isa = PBXGroup;
			children = (
				1D6058910D05DD3D006BFB54 /* TallyZoo.app */,
			);
			name = Products;
			sourceTree = "<group>";
		};
		29B97314FDCFA39411CA2CEA /* CustomTemplate */ = {
			isa = PBXGroup;
			children = (
				080E96DDFE201D6D7F000001 /* Classes */,
				29B97315FDCFA39411CA2CEA /* Other Sources */,
				29B97317FDCFA39411CA2CEA /* Resources */,
				29B97323FDCFA39411CA2CEA /* Frameworks */,
				19C28FACFE9D520D11CA2CBB /* Products */,
			);
			name = CustomTemplate;
			sourceTree = "<group>";
		};
		29B97315FDCFA39411CA2CEA /* Other Sources */ = {
			isa = PBXGroup;
			children = (
				32CA4F630368D1EE00C91783 /* TallyZoo_Prefix.pch */,
				29B97316FDCFA39411CA2CEA /* main.m */,
			);
			name = "Other Sources";
			sourceTree = "<group>";
		};
		29B97317FDCFA39411CA2CEA /* Resources */ = {
			isa = PBXGroup;
			children = (
				61D0F7CF103E9A00002B78C5 /* 10-medical.png */,
				61D0F7D0103E9A00002B78C5 /* 16-line-chart.png */,
				61D0F358103BE1B7002B78C5 /* red_down.png */,
				61D0F359103BE1B7002B78C5 /* red_up.png */,
				61D0F270103B56D1002B78C5 /* click_down.wav */,
				61D0F271103B56D1002B78C5 /* click_up.wav */,
				61E64B501036C11800E78174 /* icon2.png */,
				61E649091032C29600E78174 /* dist.plist */,
				615CC90C102218ED00BD6BB2 /* tallyzoo.db */,
				28AD733E0D9D9553002E5188 /* MainWindow.xib */,
				8D1107310486CEB800E47090 /* TallyZoo-Info.plist */,
				61D0FBC310446507002B78C5 /* Settings.bundle */,
			);
			name = Resources;
			sourceTree = "<group>";
		};
		29B97323FDCFA39411CA2CEA /* Frameworks */ = {
			isa = PBXGroup;
			children = (
				61D0FCA710461DE8002B78C5 /* QuartzCore.framework */,
				61D0FAFB104387B6002B78C5 /* CoreLocation.framework */,
				61D0F288103B5965002B78C5 /* AudioToolbox.framework */,
				615CC8E8101FF27F00BD6BB2 /* libsqlite3.0.dylib */,
				1DF5F4DF0D08C38300B7A737 /* UIKit.framework */,
				1D30AB110D05D00D00671497 /* Foundation.framework */,
				288765FC0DF74451002DB57D /* CoreGraphics.framework */,
			);
			name = Frameworks;
			sourceTree = "<group>";
		};
		615CC84C101FCB3C00BD6BB2 /* Models */ = {
			isa = PBXGroup;
			children = (
				615CC9011020413600BD6BB2 /* TZCount.h */,
				615CC9021020413600BD6BB2 /* TZCount.m */,
				615CC8FE1020412600BD6BB2 /* TZActivity.h */,
				615CC8FF1020412600BD6BB2 /* TZActivity.m */,
			);
			name = Models;
			sourceTree = "<group>";
		};
		615CC865101FF15B00BD6BB2 /* Utilities */ = {
			isa = PBXGroup;
			children = (
				615CC8DF101FF24C00BD6BB2 /* FMDatabase.h */,
				615CC8E0101FF24C00BD6BB2 /* FMDatabase.m */,
				615CC8E1101FF24C00BD6BB2 /* FMDatabaseAdditions.h */,
				615CC8E2101FF24C00BD6BB2 /* FMDatabaseAdditions.m */,
				615CC8E3101FF24C00BD6BB2 /* FMResultSet.h */,
				615CC8E4101FF24C00BD6BB2 /* FMResultSet.m */,
				61FCDE85104B552000F16BF1 /* TZTabBarController.h */,
				61FCDE86104B552000F16BF1 /* TZTabBarController.m */,
				615CC852101FD17800BD6BB2 /* UIColor-Expanded.h */,
				615CC853101FD17800BD6BB2 /* UIColor-Expanded.m */,
			);
			name = Utilities;
			sourceTree = "<group>";
		};
		615CCAEA10283E4700BD6BB2 /* Editors */ = {
			isa = PBXGroup;
			children = (
				61E643E3102C2C9000E78174 /* ChooseCountViewController.h */,
				61E643E4102C2C9000E78174 /* ChooseCountViewController.m */,
				61E6462E1031E78500E78174 /* ColorCellView.h */,
				61E6462F1031E78500E78174 /* ColorCellView.m */,
				61E64449102D1E1F00E78174 /* ColorPickerViewController.h */,
				61E6444A102D1E1F00E78174 /* ColorPickerViewController.m */,
				61E645D91031DF3800E78174 /* ColorView.h */,
				61E645DA1031DF3800E78174 /* ColorView.m */,
				61E6455210315C3200E78174 /* CustomColorViewController.h */,
				61E6455310315C3200E78174 /* CustomColorViewController.m */,
				615CCC0E102A183400BD6BB2 /* EditTextFieldViewController.h */,
				615CCC0F102A183400BD6BB2 /* EditTextFieldViewController.m */,
				615CCC59102A1EAF00BD6BB2 /* EditTextViewViewController.h */,
				615CCC5A102A1EAF00BD6BB2 /* EditTextViewViewController.m */,
			);
			name = Editors;
			sourceTree = "<group>";
		};
		61D0F6C1103E6A97002B78C5 /* Masks */ = {
			isa = PBXGroup;
			children = (
				61D0F675103E6512002B78C5 /* UpperLeftView.h */,
				61D0F676103E6512002B78C5 /* UpperLeftView.m */,
				61D0F68E103E6644002B78C5 /* UpperRightView.h */,
				61D0F68F103E6644002B78C5 /* UpperRightView.m */,
				61D0F6A6103E68D7002B78C5 /* LowerLeftView.h */,
				61D0F6A7103E68D7002B78C5 /* LowerLeftView.m */,
				61D0F6C2103E6AB3002B78C5 /* LowerRightView.h */,
				61D0F6C3103E6AB3002B78C5 /* LowerRightView.m */,
			);
			name = Masks;
			sourceTree = "<group>";
		};
/* End PBXGroup section */

/* Begin PBXNativeTarget section */
		1D6058900D05DD3D006BFB54 /* TallyZoo */ = {
			isa = PBXNativeTarget;
			buildConfigurationList = 1D6058960D05DD3E006BFB54 /* Build configuration list for PBXNativeTarget "TallyZoo" */;
			buildPhases = (
				1D60588D0D05DD3D006BFB54 /* Resources */,
				1D60588E0D05DD3D006BFB54 /* Sources */,
				1D60588F0D05DD3D006BFB54 /* Frameworks */,
			);
			buildRules = (
			);
			dependencies = (
			);
			name = TallyZoo;
			productName = TallyZoo;
			productReference = 1D6058910D05DD3D006BFB54 /* TallyZoo.app */;
			productType = "com.apple.product-type.application";
		};
/* End PBXNativeTarget section */

/* Begin PBXProject section */
		29B97313FDCFA39411CA2CEA /* Project object */ = {
			isa = PBXProject;
			buildConfigurationList = C01FCF4E08A954540054247B /* Build configuration list for PBXProject "TallyZoo" */;
			compatibilityVersion = "Xcode 3.1";
			hasScannedForEncodings = 1;
			mainGroup = 29B97314FDCFA39411CA2CEA /* CustomTemplate */;
			projectDirPath = "";
			projectRoot = "";
			targets = (
				1D6058900D05DD3D006BFB54 /* TallyZoo */,
			);
		};
/* End PBXProject section */

/* Begin PBXResourcesBuildPhase section */
		1D60588D0D05DD3D006BFB54 /* Resources */ = {
			isa = PBXResourcesBuildPhase;
			buildActionMask = 2147483647;
			files = (
				28AD733F0D9D9553002E5188 /* MainWindow.xib in Resources */,
				615CC90D102218ED00BD6BB2 /* tallyzoo.db in Resources */,
				61E6490A1032C29600E78174 /* dist.plist in Resources */,
				61E64B511036C11800E78174 /* icon2.png in Resources */,
				61D0F272103B56D1002B78C5 /* click_down.wav in Resources */,
				61D0F273103B56D1002B78C5 /* click_up.wav in Resources */,
				61D0F35A103BE1B7002B78C5 /* red_down.png in Resources */,
				61D0F35B103BE1B7002B78C5 /* red_up.png in Resources */,
				61D0F7D1103E9A00002B78C5 /* 10-medical.png in Resources */,
				61D0F7D2103E9A00002B78C5 /* 16-line-chart.png in Resources */,
				61D0FBC410446507002B78C5 /* Settings.bundle in Resources */,
			);
			runOnlyForDeploymentPostprocessing = 0;
		};
/* End PBXResourcesBuildPhase section */

/* Begin PBXSourcesBuildPhase section */
		1D60588E0D05DD3D006BFB54 /* Sources */ = {
			isa = PBXSourcesBuildPhase;
			buildActionMask = 2147483647;
			files = (
				1D60589B0D05DD56006BFB54 /* main.m in Sources */,
				1D3623260D0F684500981E51 /* TallyZooAppDelegate.m in Sources */,
				615CC7F4101D924D00BD6BB2 /* MatrixViewController.m in Sources */,
				615CC7F7101D927300BD6BB2 /* MatrixButton.m in Sources */,
				615CC81E101D9F0900BD6BB2 /* GraphViewController.m in Sources */,
				615CC823101D9F9100BD6BB2 /* DetailedCountViewController.m in Sources */,
				615CC83C101EE74100BD6BB2 /* MatrixView.m in Sources */,
				615CC854101FD17800BD6BB2 /* UIColor-Expanded.m in Sources */,
				615CC8E5101FF24C00BD6BB2 /* FMDatabase.m in Sources */,
				615CC8E6101FF24C00BD6BB2 /* FMDatabaseAdditions.m in Sources */,
				615CC8E7101FF24C00BD6BB2 /* FMResultSet.m in Sources */,
				615CC9001020412600BD6BB2 /* TZActivity.m in Sources */,
				615CC9031020413600BD6BB2 /* TZCount.m in Sources */,
				615CCA361022E97600BD6BB2 /* EditActivityViewController.m in Sources */,
				615CCC10102A183400BD6BB2 /* EditTextFieldViewController.m in Sources */,
				615CCC5B102A1EAF00BD6BB2 /* EditTextViewViewController.m in Sources */,
				61E643E5102C2C9000E78174 /* ChooseCountViewController.m in Sources */,
				61E6444B102D1E1F00E78174 /* ColorPickerViewController.m in Sources */,
				61E6455410315C3200E78174 /* CustomColorViewController.m in Sources */,
				61E645DB1031DF3800E78174 /* ColorView.m in Sources */,
				61E646301031E78500E78174 /* ColorCellView.m in Sources */,
				61E64A3B1035C61400E78174 /* EditCountViewController.m in Sources */,
				61D0F4B9103DFB7C002B78C5 /* GraphCell.m in Sources */,
				61D0F677103E6512002B78C5 /* UpperLeftView.m in Sources */,
				61D0F690103E6644002B78C5 /* UpperRightView.m in Sources */,
				61D0F6A8103E68D7002B78C5 /* LowerLeftView.m in Sources */,
				61D0F6C4103E6AB3002B78C5 /* LowerRightView.m in Sources */,
				61D0F756103E8BE2002B78C5 /* SelectLayer.m in Sources */,
				61D0F7F0103FC90A002B78C5 /* GraphView.m in Sources */,
				61D0FC391045166C002B78C5 /* ShakeView.m in Sources */,
				61D0FD941048D6A8002B78C5 /* LocationBusyView.m in Sources */,
				61FCDE87104B552000F16BF1 /* TZTabBarController.m in Sources */,
				61FCDF9E104BA5CD00F16BF1 /* LandscapeGraphView.m in Sources */,
			);
			runOnlyForDeploymentPostprocessing = 0;
		};
/* End PBXSourcesBuildPhase section */

/* Begin XCBuildConfiguration section */
		1D6058940D05DD3E006BFB54 /* Debug */ = {
			isa = XCBuildConfiguration;
			buildSettings = {
				ALWAYS_SEARCH_USER_PATHS = NO;
				COPY_PHASE_STRIP = NO;
				GCC_DYNAMIC_NO_PIC = NO;
				GCC_OPTIMIZATION_LEVEL = 0;
				GCC_PRECOMPILE_PREFIX_HEADER = YES;
				GCC_PREFIX_HEADER = TallyZoo_Prefix.pch;
				INFOPLIST_FILE = "TallyZoo-Info.plist";
				PRODUCT_NAME = TallyZoo;
			};
			name = Debug;
		};
		1D6058950D05DD3E006BFB54 /* Release */ = {
			isa = XCBuildConfiguration;
			buildSettings = {
				ALWAYS_SEARCH_USER_PATHS = NO;
				COPY_PHASE_STRIP = YES;
				GCC_PRECOMPILE_PREFIX_HEADER = YES;
				GCC_PREFIX_HEADER = TallyZoo_Prefix.pch;
				INFOPLIST_FILE = "TallyZoo-Info.plist";
				PRODUCT_NAME = TallyZoo;
			};
			name = Release;
		};
		61E648F31032C0FF00E78174 /* Release Ad Hoc */ = {
			isa = XCBuildConfiguration;
			buildSettings = {
				ARCHS = "$(ARCHS_STANDARD_32_BIT)";
				CODE_SIGN_ENTITLEMENTS = dist.plist;
				"CODE_SIGN_IDENTITY[sdk=iphoneos*]" = "iPhone Distribution: Tienshiao Ma";
				GCC_C_LANGUAGE_STANDARD = c99;
				GCC_WARN_ABOUT_RETURN_TYPE = YES;
				GCC_WARN_UNUSED_VARIABLE = YES;
				PREBINDING = NO;
				"PROVISIONING_PROFILE[sdk=iphoneos*]" = "5E96AB6C-9536-45AC-830A-FAAE36CD0657";
				SDKROOT = iphoneos3.0;
			};
			name = "Release Ad Hoc";
		};
		61E648F41032C0FF00E78174 /* Release Ad Hoc */ = {
			isa = XCBuildConfiguration;
			buildSettings = {
				ALWAYS_SEARCH_USER_PATHS = NO;
				COPY_PHASE_STRIP = YES;
				GCC_PRECOMPILE_PREFIX_HEADER = YES;
				GCC_PREFIX_HEADER = TallyZoo_Prefix.pch;
				INFOPLIST_FILE = "TallyZoo-Info.plist";
				PRODUCT_NAME = TallyZoo;
			};
			name = "Release Ad Hoc";
		};
		C01FCF4F08A954540054247B /* Debug */ = {
			isa = XCBuildConfiguration;
			buildSettings = {
				ARCHS = "$(ARCHS_STANDARD_32_BIT)";
				"CODE_SIGN_IDENTITY[sdk=iphoneos*]" = "iPhone Developer";
				GCC_C_LANGUAGE_STANDARD = c99;
				GCC_WARN_ABOUT_RETURN_TYPE = YES;
				GCC_WARN_UNUSED_VARIABLE = YES;
				PREBINDING = NO;
				SDKROOT = iphoneos3.0;
			};
			name = Debug;
		};
		C01FCF5008A954540054247B /* Release */ = {
			isa = XCBuildConfiguration;
			buildSettings = {
				ARCHS = "$(ARCHS_STANDARD_32_BIT)";
				"CODE_SIGN_IDENTITY[sdk=iphoneos*]" = "iPhone Developer";
				GCC_C_LANGUAGE_STANDARD = c99;
				GCC_WARN_ABOUT_RETURN_TYPE = YES;
				GCC_WARN_UNUSED_VARIABLE = YES;
				PREBINDING = NO;
				SDKROOT = iphoneos3.0;
			};
			name = Release;
		};
/* End XCBuildConfiguration section */

/* Begin XCConfigurationList section */
		1D6058960D05DD3E006BFB54 /* Build configuration list for PBXNativeTarget "TallyZoo" */ = {
			isa = XCConfigurationList;
			buildConfigurations = (
				1D6058940D05DD3E006BFB54 /* Debug */,
				1D6058950D05DD3E006BFB54 /* Release */,
				61E648F41032C0FF00E78174 /* Release Ad Hoc */,
			);
			defaultConfigurationIsVisible = 0;
			defaultConfigurationName = Release;
		};
		C01FCF4E08A954540054247B /* Build configuration list for PBXProject "TallyZoo" */ = {
			isa = XCConfigurationList;
			buildConfigurations = (
				C01FCF4F08A954540054247B /* Debug */,
				C01FCF5008A954540054247B /* Release */,
				61E648F31032C0FF00E78174 /* Release Ad Hoc */,
			);
			defaultConfigurationIsVisible = 0;
			defaultConfigurationName = Release;
		};
/* End XCConfigurationList section */
	};
	rootObject = 29B97313FDCFA39411CA2CEA /* Project object */;
}
